
Microsoft Visual Studio Solution File, Format Version 12.00
# Visual Studio Version 16
VisualStudioVersion = 16.0.28803.352
MinimumVisualStudioVersion = 10.0.40219.1
Project("{9A19103F-16F7-4668-BE54-9A1E7A4F7556}") = "Euler01", "Euler01\Euler01.csproj", "{7455BB52-7AC8-4AB9-9ACC-30417E0778AE}"
EndProject
Project("{9A19103F-16F7-4668-BE54-9A1E7A4F7556}") = "Euler02", "Euler02\Euler02.csproj", "{064CAF7E-484A-4CB3-848F-88A819962732}"
EndProject
Project("{9A19103F-16F7-4668-BE54-9A1E7A4F7556}") = "Euler03", "Euler03\Euler03.csproj", "{7EA7F74E-C29B-4B44-AF07-18BDD90D3C9E}"
EndProject
Project("{9A19103F-16F7-4668-BE54-9A1E7A4F7556}") = "Euler04", "Euler04\Euler04.csproj", "{92802EA5-8832-4416-A1BE-184595866B47}"
EndProject
Project("{9A19103F-16F7-4668-BE54-9A1E7A4F7556}") = "Euler05", "Euler05\Euler05.csproj", "{9443E87A-D286-440F-A7F7-CBD678FE8268}"
EndProject
Project("{9A19103F-16F7-4668-BE54-9A1E7A4F7556}") = "Euler06", "Euler06\Euler06.csproj", "{D4EE105B-3BAD-40D8-9EE3-98F5C7141653}"
EndProject
Project("{9A19103F-16F7-4668-BE54-9A1E7A4F7556}") = "Euler07", "Euler07\Euler07.csproj", "{E181EDAA-A19F-46B0-8ACE-173CB073FFB6}"
EndProject
Project("{9A19103F-16F7-4668-BE54-9A1E7A4F7556}") = "Euler08", "Euler08\Euler08.csproj", "{4E3F601C-71CA-48FC-B2AB-7ACABC11C8ED}"
EndProject
Project("{9A19103F-16F7-4668-BE54-9A1E7A4F7556}") = "Scratch", "Scratch\Scratch.csproj", "{8AC22EB7-9BAA-45A4-BC5F-F371DD587F63}"
EndProject
Project("{9A19103F-16F7-4668-BE54-9A1E7A4F7556}") = "Scratch2", "Scratch2\Scratch2.csproj", "{4C06AD5C-130F-4D8B-8BE5-17BBD0F288B1}"
EndProject
Project("{9A19103F-16F7-4668-BE54-9A1E7A4F7556}") = "Euler09", "Euler09\Euler09.csproj", "{B4DE0B98-7427-4AF7-9F30-77DE33B9DF68}"
EndProject
Project("{9A19103F-16F7-4668-BE54-9A1E7A4F7556}") = "Euler10", "Euler10\Euler10.csproj", "{8A97EEEF-1C8E-463F-BCEF-69E2DE9F10D4}"
EndProject
Project("{9A19103F-16F7-4668-BE54-9A1E7A4F7556}") = "Scratch3", "Scratch3\Scratch3.csproj", "{0E90102F-6F99-4683-8742-36528F553C32}"
EndProject
Project("{9A19103F-16F7-4668-BE54-9A1E7A4F7556}") = "Scratch4", "Scratch4\Scratch4.csproj", "{973C7E68-9E73-435F-92E6-3B774CB9D1B3}"
EndProject
Project("{9A19103F-16F7-4668-BE54-9A1E7A4F7556}") = "Euler01_linq", "Euler01_linq\Euler01_linq.csproj", "{3FDA3584-7BB9-4F9B-B7B1-8634D7E4278B}"
EndProject
Project("{9A19103F-16F7-4668-BE54-9A1E7A4F7556}") = "Euler02_linq", "Euler02_linq\Euler02_linq.csproj", "{91BA973F-E5FF-4951-8E0A-9F050371FBAD}"
EndProject
Project("{FAE04EC0-301F-11D3-BF4B-00C04F79EFBC}") = "Euler04_linq", "Euler04_linq\Euler04_linq.csproj", "{E1F50B46-481C-4898-9B56-47F3FA342BFE}"
EndProject
Project("{FAE04EC0-301F-11D3-BF4B-00C04F79EFBC}") = "Euler03_linq", "Euler03_linq\Euler03_linq.csproj", "{84F160FE-D055-42EF-95A1-C6CF1C05172E}"
EndProject
Global
	GlobalSection(SolutionConfigurationPlatforms) = preSolution
		Debug|Any CPU = Debug|Any CPU
		Release|Any CPU = Release|Any CPU
	EndGlobalSection
	GlobalSection(ProjectConfigurationPlatforms) = postSolution
		{7455BB52-7AC8-4AB9-9ACC-30417E0778AE}.Debug|Any CPU.ActiveCfg = Debug|Any CPU
		{7455BB52-7AC8-4AB9-9ACC-30417E0778AE}.Debug|Any CPU.Build.0 = Debug|Any CPU
		{7455BB52-7AC8-4AB9-9ACC-30417E0778AE}.Release|Any CPU.ActiveCfg = Release|Any CPU
		{7455BB52-7AC8-4AB9-9ACC-30417E0778AE}.Release|Any CPU.Build.0 = Release|Any CPU
		{064CAF7E-484A-4CB3-848F-88A819962732}.Debug|Any CPU.ActiveCfg = Debug|Any CPU
		{064CAF7E-484A-4CB3-848F-88A819962732}.Debug|Any CPU.Build.0 = Debug|Any CPU
		{064CAF7E-484A-4CB3-848F-88A819962732}.Release|Any CPU.ActiveCfg = Release|Any CPU
		{064CAF7E-484A-4CB3-848F-88A819962732}.Release|Any CPU.Build.0 = Release|Any CPU
		{7EA7F74E-C29B-4B44-AF07-18BDD90D3C9E}.Debug|Any CPU.ActiveCfg = Debug|Any CPU
		{7EA7F74E-C29B-4B44-AF07-18BDD90D3C9E}.Debug|Any CPU.Build.0 = Debug|Any CPU
		{7EA7F74E-C29B-4B44-AF07-18BDD90D3C9E}.Release|Any CPU.ActiveCfg = Release|Any CPU
		{7EA7F74E-C29B-4B44-AF07-18BDD90D3C9E}.Release|Any CPU.Build.0 = Release|Any CPU
		{92802EA5-8832-4416-A1BE-184595866B47}.Debug|Any CPU.ActiveCfg = Debug|Any CPU
		{92802EA5-8832-4416-A1BE-184595866B47}.Debug|Any CPU.Build.0 = Debug|Any CPU
		{92802EA5-8832-4416-A1BE-184595866B47}.Release|Any CPU.ActiveCfg = Release|Any CPU
		{92802EA5-8832-4416-A1BE-184595866B47}.Release|Any CPU.Build.0 = Release|Any CPU
		{9443E87A-D286-440F-A7F7-CBD678FE8268}.Debug|Any CPU.ActiveCfg = Debug|Any CPU
		{9443E87A-D286-440F-A7F7-CBD678FE8268}.Debug|Any CPU.Build.0 = Debug|Any CPU
		{9443E87A-D286-440F-A7F7-CBD678FE8268}.Release|Any CPU.ActiveCfg = Release|Any CPU
		{9443E87A-D286-440F-A7F7-CBD678FE8268}.Release|Any CPU.Build.0 = Release|Any CPU
		{D4EE105B-3BAD-40D8-9EE3-98F5C7141653}.Debug|Any CPU.ActiveCfg = Debug|Any CPU
		{D4EE105B-3BAD-40D8-9EE3-98F5C7141653}.Debug|Any CPU.Build.0 = Debug|Any CPU
		{D4EE105B-3BAD-40D8-9EE3-98F5C7141653}.Release|Any CPU.ActiveCfg = Release|Any CPU
		{D4EE105B-3BAD-40D8-9EE3-98F5C7141653}.Release|Any CPU.Build.0 = Release|Any CPU
		{E181EDAA-A19F-46B0-8ACE-173CB073FFB6}.Debug|Any CPU.ActiveCfg = Debug|Any CPU
		{E181EDAA-A19F-46B0-8ACE-173CB073FFB6}.Debug|Any CPU.Build.0 = Debug|Any CPU
		{E181EDAA-A19F-46B0-8ACE-173CB073FFB6}.Release|Any CPU.ActiveCfg = Release|Any CPU
		{E181EDAA-A19F-46B0-8ACE-173CB073FFB6}.Release|Any CPU.Build.0 = Release|Any CPU
		{4E3F601C-71CA-48FC-B2AB-7ACABC11C8ED}.Debug|Any CPU.ActiveCfg = Debug|Any CPU
		{4E3F601C-71CA-48FC-B2AB-7ACABC11C8ED}.Debug|Any CPU.Build.0 = Debug|Any CPU
		{4E3F601C-71CA-48FC-B2AB-7ACABC11C8ED}.Release|Any CPU.ActiveCfg = Release|Any CPU
		{4E3F601C-71CA-48FC-B2AB-7ACABC11C8ED}.Release|Any CPU.Build.0 = Release|Any CPU
		{8AC22EB7-9BAA-45A4-BC5F-F371DD587F63}.Debug|Any CPU.ActiveCfg = Debug|Any CPU
		{8AC22EB7-9BAA-45A4-BC5F-F371DD587F63}.Debug|Any CPU.Build.0 = Debug|Any CPU
		{8AC22EB7-9BAA-45A4-BC5F-F371DD587F63}.Release|Any CPU.ActiveCfg = Release|Any CPU
		{8AC22EB7-9BAA-45A4-BC5F-F371DD587F63}.Release|Any CPU.Build.0 = Release|Any CPU
		{4C06AD5C-130F-4D8B-8BE5-17BBD0F288B1}.Debug|Any CPU.ActiveCfg = Debug|Any CPU
		{4C06AD5C-130F-4D8B-8BE5-17BBD0F288B1}.Debug|Any CPU.Build.0 = Debug|Any CPU
		{4C06AD5C-130F-4D8B-8BE5-17BBD0F288B1}.Release|Any CPU.ActiveCfg = Release|Any CPU
		{4C06AD5C-130F-4D8B-8BE5-17BBD0F288B1}.Release|Any CPU.Build.0 = Release|Any CPU
		{B4DE0B98-7427-4AF7-9F30-77DE33B9DF68}.Debug|Any CPU.ActiveCfg = Debug|Any CPU
		{B4DE0B98-7427-4AF7-9F30-77DE33B9DF68}.Debug|Any CPU.Build.0 = Debug|Any CPU
		{B4DE0B98-7427-4AF7-9F30-77DE33B9DF68}.Release|Any CPU.ActiveCfg = Release|Any CPU
		{B4DE0B98-7427-4AF7-9F30-77DE33B9DF68}.Release|Any CPU.Build.0 = Release|Any CPU
		{8A97EEEF-1C8E-463F-BCEF-69E2DE9F10D4}.Debug|Any CPU.ActiveCfg = Debug|Any CPU
		{8A97EEEF-1C8E-463F-BCEF-69E2DE9F10D4}.Debug|Any CPU.Build.0 = Debug|Any CPU
		{8A97EEEF-1C8E-463F-BCEF-69E2DE9F10D4}.Release|Any CPU.ActiveCfg = Release|Any CPU
		{8A97EEEF-1C8E-463F-BCEF-69E2DE9F10D4}.Release|Any CPU.Build.0 = Release|Any CPU
		{0E90102F-6F99-4683-8742-36528F553C32}.Debug|Any CPU.ActiveCfg = Debug|Any CPU
		{0E90102F-6F99-4683-8742-36528F553C32}.Debug|Any CPU.Build.0 = Debug|Any CPU
		{0E90102F-6F99-4683-8742-36528F553C32}.Release|Any CPU.ActiveCfg = Release|Any CPU
		{0E90102F-6F99-4683-8742-36528F553C32}.Release|Any CPU.Build.0 = Release|Any CPU
		{973C7E68-9E73-435F-92E6-3B774CB9D1B3}.Debug|Any CPU.ActiveCfg = Debug|Any CPU
		{973C7E68-9E73-435F-92E6-3B774CB9D1B3}.Debug|Any CPU.Build.0 = Debug|Any CPU
		{973C7E68-9E73-435F-92E6-3B774CB9D1B3}.Release|Any CPU.ActiveCfg = Release|Any CPU
		{973C7E68-9E73-435F-92E6-3B774CB9D1B3}.Release|Any CPU.Build.0 = Release|Any CPU
		{3FDA3584-7BB9-4F9B-B7B1-8634D7E4278B}.Debug|Any CPU.ActiveCfg = Debug|Any CPU
		{3FDA3584-7BB9-4F9B-B7B1-8634D7E4278B}.Debug|Any CPU.Build.0 = Debug|Any CPU
		{3FDA3584-7BB9-4F9B-B7B1-8634D7E4278B}.Release|Any CPU.ActiveCfg = Release|Any CPU
		{3FDA3584-7BB9-4F9B-B7B1-8634D7E4278B}.Release|Any CPU.Build.0 = Release|Any CPU
		{91BA973F-E5FF-4951-8E0A-9F050371FBAD}.Debug|Any CPU.ActiveCfg = Debug|Any CPU
		{91BA973F-E5FF-4951-8E0A-9F050371FBAD}.Debug|Any CPU.Build.0 = Debug|Any CPU
		{91BA973F-E5FF-4951-8E0A-9F050371FBAD}.Release|Any CPU.ActiveCfg = Release|Any CPU
		{91BA973F-E5FF-4951-8E0A-9F050371FBAD}.Release|Any CPU.Build.0 = Release|Any CPU
		{E1F50B46-481C-4898-9B56-47F3FA342BFE}.Debug|Any CPU.ActiveCfg = Debug|Any CPU
		{E1F50B46-481C-4898-9B56-47F3FA342BFE}.Debug|Any CPU.Build.0 = Debug|Any CPU
		{E1F50B46-481C-4898-9B56-47F3FA342BFE}.Release|Any CPU.ActiveCfg = Release|Any CPU
		{E1F50B46-481C-4898-9B56-47F3FA342BFE}.Release|Any CPU.Build.0 = Release|Any CPU
		{84F160FE-D055-42EF-95A1-C6CF1C05172E}.Debug|Any CPU.ActiveCfg = Debug|Any CPU
		{84F160FE-D055-42EF-95A1-C6CF1C05172E}.Debug|Any CPU.Build.0 = Debug|Any CPU
		{84F160FE-D055-42EF-95A1-C6CF1C05172E}.Release|Any CPU.ActiveCfg = Release|Any CPU
		{84F160FE-D055-42EF-95A1-C6CF1C05172E}.Release|Any CPU.Build.0 = Release|Any CPU
	EndGlobalSection
	GlobalSection(SolutionProperties) = preSolution
		HideSolutionNode = FALSE
	EndGlobalSection
	GlobalSection(ExtensibilityGlobals) = postSolution
		SolutionGuid = {758D13F1-0B0C-48AC-B130-1FB3D19BBCC0}
	EndGlobalSection
EndGlobal
